// !$*UTF8*$!
{
	archiveVersion = 1;
	classes = {
	};
	objectVersion = 55;
	objects = {

/* Begin PBXBuildFile section */
		453139222832842C000704B5 /* FriendfaceApp.swift in Sources */ = {isa = PBXBuildFile; fileRef = 453139212832842C000704B5 /* FriendfaceApp.swift */; };
		453139242832842C000704B5 /* ContentView.swift in Sources */ = {isa = PBXBuildFile; fileRef = 453139232832842C000704B5 /* ContentView.swift */; };
		453139262832842C000704B5 /* Assets.xcassets in Resources */ = {isa = PBXBuildFile; fileRef = 453139252832842C000704B5 /* Assets.xcassets */; };
		453139292832842C000704B5 /* Preview Assets.xcassets in Resources */ = {isa = PBXBuildFile; fileRef = 453139282832842C000704B5 /* Preview Assets.xcassets */; };
		4531393028328449000704B5 /* User.swift in Sources */ = {isa = PBXBuildFile; fileRef = 4531392F28328449000704B5 /* User.swift */; };
		453139322832969B000704B5 /* DetailUserView.swift in Sources */ = {isa = PBXBuildFile; fileRef = 453139312832969B000704B5 /* DetailUserView.swift */; };
		453139342832A157000704B5 /* UserManager.swift in Sources */ = {isa = PBXBuildFile; fileRef = 453139332832A157000704B5 /* UserManager.swift */; };
		454D28902833984C008C9C66 /* Friendface.xcdatamodeld in Sources */ = {isa = PBXBuildFile; fileRef = 454D288E2833984C008C9C66 /* Friendface.xcdatamodeld */; };
		454D289B2833A46B008C9C66 /* DataController.swift in Sources */ = {isa = PBXBuildFile; fileRef = 454D289A2833A46B008C9C66 /* DataController.swift */; };
		45F6490D2833D1BD00457154 /* CachedFriend+CoreDataClass.swift in Sources */ = {isa = PBXBuildFile; fileRef = 45F649092833D1BD00457154 /* CachedFriend+CoreDataClass.swift */; };
		45F6490E2833D1BD00457154 /* CachedFriend+CoreDataProperties.swift in Sources */ = {isa = PBXBuildFile; fileRef = 45F6490A2833D1BD00457154 /* CachedFriend+CoreDataProperties.swift */; };
		45F6490F2833D1BD00457154 /* CachedUser+CoreDataClass.swift in Sources */ = {isa = PBXBuildFile; fileRef = 45F6490B2833D1BD00457154 /* CachedUser+CoreDataClass.swift */; };
		45F649102833D1BD00457154 /* CachedUser+CoreDataProperties.swift in Sources */ = {isa = PBXBuildFile; fileRef = 45F6490C2833D1BD00457154 /* CachedUser+CoreDataProperties.swift */; };
/* End PBXBuildFile section */

/* Begin PBXFileReference section */
		4531391E2832842C000704B5 /* Friendface.app */ = {isa = PBXFileReference; explicitFileType = wrapper.application; includeInIndex = 0; path = Friendface.app; sourceTree = BUILT_PRODUCTS_DIR; };
		453139212832842C000704B5 /* FriendfaceApp.swift */ = {isa = PBXFileReference; lastKnownFileType = sourcecode.swift; path = FriendfaceApp.swift; sourceTree = "<group>"; };
		453139232832842C000704B5 /* ContentView.swift */ = {isa = PBXFileReference; lastKnownFileType = sourcecode.swift; path = ContentView.swift; sourceTree = "<group>"; };
		453139252832842C000704B5 /* Assets.xcassets */ = {isa = PBXFileReference; lastKnownFileType = folder.assetcatalog; path = Assets.xcassets; sourceTree = "<group>"; };
		453139282832842C000704B5 /* Preview Assets.xcassets */ = {isa = PBXFileReference; lastKnownFileType = folder.assetcatalog; path = "Preview Assets.xcassets"; sourceTree = "<group>"; };
		4531392F28328449000704B5 /* User.swift */ = {isa = PBXFileReference; lastKnownFileType = sourcecode.swift; path = User.swift; sourceTree = "<group>"; };
		453139312832969B000704B5 /* DetailUserView.swift */ = {isa = PBXFileReference; lastKnownFileType = sourcecode.swift; path = DetailUserView.swift; sourceTree = "<group>"; };
		453139332832A157000704B5 /* UserManager.swift */ = {isa = PBXFileReference; lastKnownFileType = sourcecode.swift; path = UserManager.swift; sourceTree = "<group>"; };
		454D288F2833984C008C9C66 /* Friendface.xcdatamodel */ = {isa = PBXFileReference; lastKnownFileType = wrapper.xcdatamodel; path = Friendface.xcdatamodel; sourceTree = "<group>"; };
		454D289A2833A46B008C9C66 /* DataController.swift */ = {isa = PBXFileReference; lastKnownFileType = sourcecode.swift; path = DataController.swift; sourceTree = "<group>"; };
		45F649092833D1BD00457154 /* CachedFriend+CoreDataClass.swift */ = {isa = PBXFileReference; lastKnownFileType = sourcecode.swift; path = "CachedFriend+CoreDataClass.swift"; sourceTree = "<group>"; };
		45F6490A2833D1BD00457154 /* CachedFriend+CoreDataProperties.swift */ = {isa = PBXFileReference; lastKnownFileType = sourcecode.swift; path = "CachedFriend+CoreDataProperties.swift"; sourceTree = "<group>"; };
		45F6490B2833D1BD00457154 /* CachedUser+CoreDataClass.swift */ = {isa = PBXFileReference; lastKnownFileType = sourcecode.swift; path = "CachedUser+CoreDataClass.swift"; sourceTree = "<group>"; };
		45F6490C2833D1BD00457154 /* CachedUser+CoreDataProperties.swift */ = {isa = PBXFileReference; lastKnownFileType = sourcecode.swift; path = "CachedUser+CoreDataProperties.swift"; sourceTree = "<group>"; };
/* End PBXFileReference section */

/* Begin PBXFrameworksBuildPhase section */
		4531391B2832842C000704B5 /* Frameworks */ = {
			isa = PBXFrameworksBuildPhase;
			buildActionMask = 2147483647;
			files = (
			);
			runOnlyForDeploymentPostprocessing = 0;
		};
/* End PBXFrameworksBuildPhase section */

/* Begin PBXGroup section */
		453139152832842C000704B5 = {
			isa = PBXGroup;
			children = (
				453139202832842C000704B5 /* Friendface */,
				4531391F2832842C000704B5 /* Products */,
			);
			sourceTree = "<group>";
		};
		4531391F2832842C000704B5 /* Products */ = {
			isa = PBXGroup;
			children = (
				4531391E2832842C000704B5 /* Friendface.app */,
			);
			name = Products;
			sourceTree = "<group>";
		};
		453139202832842C000704B5 /* Friendface */ = {
			isa = PBXGroup;
			children = (
				453139212832842C000704B5 /* FriendfaceApp.swift */,
				454D288B2833981F008C9C66 /* Views */,
				454D288C28339827008C9C66 /* VIewModel */,
				454D288D28339835008C9C66 /* Model */,
				454D289928339FB7008C9C66 /* CoreDataModel */,
				453139252832842C000704B5 /* Assets.xcassets */,
				453139272832842C000704B5 /* Preview Content */,
			);
			path = Friendface;
			sourceTree = "<group>";
		};
		453139272832842C000704B5 /* Preview Content */ = {
			isa = PBXGroup;
			children = (
				453139282832842C000704B5 /* Preview Assets.xcassets */,
			);
			path = "Preview Content";
			sourceTree = "<group>";
		};
		454D288B2833981F008C9C66 /* Views */ = {
			isa = PBXGroup;
			children = (
				453139232832842C000704B5 /* ContentView.swift */,
				453139312832969B000704B5 /* DetailUserView.swift */,
			);
			path = Views;
			sourceTree = "<group>";
		};
		454D288C28339827008C9C66 /* VIewModel */ = {
			isa = PBXGroup;
			children = (
				453139332832A157000704B5 /* UserManager.swift */,
			);
			path = VIewModel;
			sourceTree = "<group>";
		};
		454D288D28339835008C9C66 /* Model */ = {
			isa = PBXGroup;
			children = (
				4531392F28328449000704B5 /* User.swift */,
			);
			path = Model;
			sourceTree = "<group>";
		};
		454D289928339FB7008C9C66 /* CoreDataModel */ = {
			isa = PBXGroup;
			children = (
				45F649092833D1BD00457154 /* CachedFriend+CoreDataClass.swift */,
				45F6490A2833D1BD00457154 /* CachedFriend+CoreDataProperties.swift */,
				45F6490B2833D1BD00457154 /* CachedUser+CoreDataClass.swift */,
				45F6490C2833D1BD00457154 /* CachedUser+CoreDataProperties.swift */,
				454D288E2833984C008C9C66 /* Friendface.xcdatamodeld */,
				454D289A2833A46B008C9C66 /* DataController.swift */,
			);
			path = CoreDataModel;
			sourceTree = "<group>";
		};
/* End PBXGroup section */

/* Begin PBXNativeTarget section */
		4531391D2832842C000704B5 /* Friendface */ = {
			isa = PBXNativeTarget;
			buildConfigurationList = 4531392C2832842C000704B5 /* Build configuration list for PBXNativeTarget "Friendface" */;
			buildPhases = (
				4531391A2832842C000704B5 /* Sources */,
				4531391B2832842C000704B5 /* Frameworks */,
				4531391C2832842C000704B5 /* Resources */,
			);
			buildRules = (
			);
			dependencies = (
			);
			name = Friendface;
			productName = Friendface;
			productReference = 4531391E2832842C000704B5 /* Friendface.app */;
			productType = "com.apple.product-type.application";
		};
/* End PBXNativeTarget section */

/* Begin PBXProject section */
		453139162832842C000704B5 /* Project object */ = {
			isa = PBXProject;
			attributes = {
				BuildIndependentTargetsInParallel = 1;
				LastSwiftUpdateCheck = 1330;
				LastUpgradeCheck = 1330;
				TargetAttributes = {
					4531391D2832842C000704B5 = {
						CreatedOnToolsVersion = 13.3.1;
					};
				};
			};
			buildConfigurationList = 453139192832842C000704B5 /* Build configuration list for PBXProject "Friendface" */;
			compatibilityVersion = "Xcode 13.0";
			developmentRegion = en;
			hasScannedForEncodings = 0;
			knownRegions = (
				en,
				Base,
			);
			mainGroup = 453139152832842C000704B5;
			productRefGroup = 4531391F2832842C000704B5 /* Products */;
			projectDirPath = "";
			projectRoot = "";
			targets = (
				4531391D2832842C000704B5 /* Friendface */,
			);
		};
/* End PBXProject section */

/* Begin PBXResourcesBuildPhase section */
		4531391C2832842C000704B5 /* Resources */ = {
			isa = PBXResourcesBuildPhase;
			buildActionMask = 2147483647;
			files = (
				453139292832842C000704B5 /* Preview Assets.xcassets in Resources */,
				453139262832842C000704B5 /* Assets.xcassets in Resources */,
			);
			runOnlyForDeploymentPostprocessing = 0;
		};
/* End PBXResourcesBuildPhase section */

/* Begin PBXSourcesBuildPhase section */
		4531391A2832842C000704B5 /* Sources */ = {
			isa = PBXSourcesBuildPhase;
			buildActionMask = 2147483647;
			files = (
				454D28902833984C008C9C66 /* Friendface.xcdatamodeld in Sources */,
				45F6490E2833D1BD00457154 /* CachedFriend+CoreDataProperties.swift in Sources */,
				45F649102833D1BD00457154 /* CachedUser+CoreDataProperties.swift in Sources */,
				453139322832969B000704B5 /* DetailUserView.swift in Sources */,
				453139242832842C000704B5 /* ContentView.swift in Sources */,
				454D289B2833A46B008C9C66 /* DataController.swift in Sources */,
				453139222832842C000704B5 /* FriendfaceApp.swift in Sources */,
				45F6490F2833D1BD00457154 /* CachedUser+CoreDataClass.swift in Sources */,
				453139342832A157000704B5 /* UserManager.swift in Sources */,
				45F6490D2833D1BD00457154 /* CachedFriend+CoreDataClass.swift in Sources */,
				4531393028328449000704B5 /* User.swift in Sources */,
			);
			runOnlyForDeploymentPostprocessing = 0;
		};
/* End PBXSourcesBuildPhase section */

/* Begin XCBuildConfiguration section */
		4531392A2832842C000704B5 /* Debug */ = {
			isa = XCBuildConfiguration;
			buildSettings = {
				ALWAYS_SEARCH_USER_PATHS = NO;
				CLANG_ANALYZER_NONNULL = YES;
				CLANG_ANALYZER_NUMBER_OBJECT_CONVERSION = YES_AGGRESSIVE;
				CLANG_CXX_LANGUAGE_STANDARD = "gnu++17";
				CLANG_ENABLE_MODULES = YES;
				CLANG_ENABLE_OBJC_ARC = YES;
				CLANG_ENABLE_OBJC_WEAK = YES;
				CLANG_WARN_BLOCK_CAPTURE_AUTORELEASING = YES;
				CLANG_WARN_BOOL_CONVERSION = YES;
				CLANG_WARN_COMMA = YES;
				CLANG_WARN_CONSTANT_CONVERSION = YES;
				CLANG_WARN_DEPRECATED_OBJC_IMPLEMENTATIONS = YES;
				CLANG_WARN_DIRECT_OBJC_ISA_USAGE = YES_ERROR;
				CLANG_WARN_DOCUMENTATION_COMMENTS = YES;
				CLANG_WARN_EMPTY_BODY = YES;
				CLANG_WARN_ENUM_CONVERSION = YES;
				CLANG_WARN_INFINITE_RECURSION = YES;
				CLANG_WARN_INT_CONVERSION = YES;
				CLANG_WARN_NON_LITERAL_NULL_CONVERSION = YES;
				CLANG_WARN_OBJC_IMPLICIT_RETAIN_SELF = YES;
				CLANG_WARN_OBJC_LITERAL_CONVERSION = YES;
				CLANG_WARN_OBJC_ROOT_CLASS = YES_ERROR;
				CLANG_WARN_QUOTED_INCLUDE_IN_FRAMEWORK_HEADER = YES;
				CLANG_WARN_RANGE_LOOP_ANALYSIS = YES;
				CLANG_WARN_STRICT_PROTOTYPES = YES;
				CLANG_WARN_SUSPICIOUS_MOVE = YES;
				CLANG_WARN_UNGUARDED_AVAILABILITY = YES_AGGRESSIVE;
				CLANG_WARN_UNREACHABLE_CODE = YES;
				CLANG_WARN__DUPLICATE_METHOD_MATCH = YES;
				COPY_PHASE_STRIP = NO;
				DEBUG_INFORMATION_FORMAT = dwarf;
				ENABLE_STRICT_OBJC_MSGSEND = YES;
				ENABLE_TESTABILITY = YES;
				GCC_C_LANGUAGE_STANDARD = gnu11;
				GCC_DYNAMIC_NO_PIC = NO;
				GCC_NO_COMMON_BLOCKS = YES;
				GCC_OPTIMIZATION_LEVEL = 0;
				GCC_PREPROCESSOR_DEFINITIONS = (
					"DEBUG=1",
					"$(inherited)",
				);
				GCC_WARN_64_TO_32_BIT_CONVERSION = YES;
				GCC_WARN_ABOUT_RETURN_TYPE = YES_ERROR;
				GCC_WARN_UNDECLARED_SELECTOR = YES;
				GCC_WARN_UNINITIALIZED_AUTOS = YES_AGGRESSIVE;
				GCC_WARN_UNUSED_FUNCTION = YES;
				GCC_WARN_UNUSED_VARIABLE = YES;
				IPHONEOS_DEPLOYMENT_TARGET = 15.4;
				MTL_ENABLE_DEBUG_INFO = INCLUDE_SOURCE;
				MTL_FAST_MATH = YES;
				ONLY_ACTIVE_ARCH = YES;
				SDKROOT = iphoneos;
				SWIFT_ACTIVE_COMPILATION_CONDITIONS = DEBUG;
				SWIFT_OPTIMIZATION_LEVEL = "-Onone";
			};
			name = Debug;
		};
		4531392B2832842C000704B5 /* Release */ = {
			isa = XCBuildConfiguration;
			buildSettings = {
				ALWAYS_SEARCH_USER_PATHS = NO;
				CLANG_ANALYZER_NONNULL = YES;
				CLANG_ANALYZER_NUMBER_OBJECT_CONVERSION = YES_AGGRESSIVE;
				CLANG_CXX_LANGUAGE_STANDARD = "gnu++17";
				CLANG_ENABLE_MODULES = YES;
				CLANG_ENABLE_OBJC_ARC = YES;
				CLANG_ENABLE_OBJC_WEAK = YES;
				CLANG_WARN_BLOCK_CAPTURE_AUTORELEASING = YES;
				CLANG_WARN_BOOL_CONVERSION = YES;
				CLANG_WARN_COMMA = YES;
				CLANG_WARN_CONSTANT_CONVERSION = YES;
				CLANG_WARN_DEPRECATED_OBJC_IMPLEMENTATIONS = YES;
				CLANG_WARN_DIRECT_OBJC_ISA_USAGE = YES_ERROR;
				CLANG_WARN_DOCUMENTATION_COMMENTS = YES;
				CLANG_WARN_EMPTY_BODY = YES;
				CLANG_WARN_ENUM_CONVERSION = YES;
				CLANG_WARN_INFINITE_RECURSION = YES;
				CLANG_WARN_INT_CONVERSION = YES;
				CLANG_WARN_NON_LITERAL_NULL_CONVERSION = YES;
				CLANG_WARN_OBJC_IMPLICIT_RETAIN_SELF = YES;
				CLANG_WARN_OBJC_LITERAL_CONVERSION = YES;
				CLANG_WARN_OBJC_ROOT_CLASS = YES_ERROR;
				CLANG_WARN_QUOTED_INCLUDE_IN_FRAMEWORK_HEADER = YES;
				CLANG_WARN_RANGE_LOOP_ANALYSIS = YES;
				CLANG_WARN_STRICT_PROTOTYPES = YES;
				CLANG_WARN_SUSPICIOUS_MOVE = YES;
				CLANG_WARN_UNGUARDED_AVAILABILITY = YES_AGGRESSIVE;
				CLANG_WARN_UNREACHABLE_CODE = YES;
				CLANG_WARN__DUPLICATE_METHOD_MATCH = YES;
				COPY_PHASE_STRIP = NO;
				DEBUG_INFORMATION_FORMAT = "dwarf-with-dsym";
				ENABLE_NS_ASSERTIONS = NO;
				ENABLE_STRICT_OBJC_MSGSEND = YES;
				GCC_C_LANGUAGE_STANDARD = gnu11;
				GCC_NO_COMMON_BLOCKS = YES;
				GCC_WARN_64_TO_32_BIT_CONVERSION = YES;
				GCC_WARN_ABOUT_RETURN_TYPE = YES_ERROR;
				GCC_WARN_UNDECLARED_SELECTOR = YES;
				GCC_WARN_UNINITIALIZED_AUTOS = YES_AGGRESSIVE;
				GCC_WARN_UNUSED_FUNCTION = YES;
				GCC_WARN_UNUSED_VARIABLE = YES;
				IPHONEOS_DEPLOYMENT_TARGET = 15.4;
				MTL_ENABLE_DEBUG_INFO = NO;
				MTL_FAST_MATH = YES;
				SDKROOT = iphoneos;
				SWIFT_COMPILATION_MODE = wholemodule;
				SWIFT_OPTIMIZATION_LEVEL = "-O";
				VALIDATE_PRODUCT = YES;
			};
			name = Release;
		};
		4531392D2832842C000704B5 /* Debug */ = {
			isa = XCBuildConfiguration;
			buildSettings = {
				ASSETCATALOG_COMPILER_APPICON_NAME = AppIcon;
				ASSETCATALOG_COMPILER_GLOBAL_ACCENT_COLOR_NAME = AccentColor;
				CODE_SIGN_STYLE = Automatic;
				CURRENT_PROJECT_VERSION = 1;
				DEVELOPMENT_ASSET_PATHS = "\"Friendface/Preview Content\"";
				DEVELOPMENT_TEAM = 928Q5FMY5V;
				ENABLE_PREVIEWS = YES;
				GENERATE_INFOPLIST_FILE = YES;
				INFOPLIST_KEY_UIApplicationSceneManifest_Generation = YES;
				INFOPLIST_KEY_UIApplicationSupportsIndirectInputEvents = YES;
				INFOPLIST_KEY_UILaunchScreen_Generation = YES;
				INFOPLIST_KEY_UISupportedInterfaceOrientations_iPad = "UIInterfaceOrientationPortrait UIInterfaceOrientationPortraitUpsideDown UIInterfaceOrientationLandscapeLeft UIInterfaceOrientationLandscapeRight";
				INFOPLIST_KEY_UISupportedInterfaceOrientations_iPhone = "UIInterfaceOrientationPortrait UIInterfaceOrientationLandscapeLeft UIInterfaceOrientationLandscapeRight";
				LD_RUNPATH_SEARCH_PATHS = (
					"$(inherited)",
					"@executable_path/Frameworks",
				);
				MARKETING_VERSION = 1.0;
				PRODUCT_BUNDLE_IDENTIFIER = me.schatton.thomas.Friendface;
				PRODUCT_NAME = "$(TARGET_NAME)";
				SWIFT_EMIT_LOC_STRINGS = YES;
				SWIFT_VERSION = 5.0;
				TARGETED_DEVICE_FAMILY = "1,2";
			};
			name = Debug;
		};
		4531392E2832842C000704B5 /* Release */ = {
			isa = XCBuildConfiguration;
			buildSettings = {
				ASSETCATALOG_COMPILER_APPICON_NAME = AppIcon;
				ASSETCATALOG_COMPILER_GLOBAL_ACCENT_COLOR_NAME = AccentColor;
				CODE_SIGN_STYLE = Automatic;
				CURRENT_PROJECT_VERSION = 1;
				DEVELOPMENT_ASSET_PATHS = "\"Friendface/Preview Content\"";
				DEVELOPMENT_TEAM = 928Q5FMY5V;
				ENABLE_PREVIEWS = YES;
				GENERATE_INFOPLIST_FILE = YES;
				INFOPLIST_KEY_UIApplicationSceneManifest_Generation = YES;
				INFOPLIST_KEY_UIApplicationSupportsIndirectInputEvents = YES;
				INFOPLIST_KEY_UILaunchScreen_Generation = YES;
				INFOPLIST_KEY_UISupportedInterfaceOrientations_iPad = "UIInterfaceOrientationPortrait UIInterfaceOrientationPortraitUpsideDown UIInterfaceOrientationLandscapeLeft UIInterfaceOrientationLandscapeRight";
				INFOPLIST_KEY_UISupportedInterfaceOrientations_iPhone = "UIInterfaceOrientationPortrait UIInterfaceOrientationLandscapeLeft UIInterfaceOrientationLandscapeRight";
				LD_RUNPATH_SEARCH_PATHS = (
					"$(inherited)",
					"@executable_path/Frameworks",
				);
				MARKETING_VERSION = 1.0;
				PRODUCT_BUNDLE_IDENTIFIER = me.schatton.thomas.Friendface;
				PRODUCT_NAME = "$(TARGET_NAME)";
				SWIFT_EMIT_LOC_STRINGS = YES;
				SWIFT_VERSION = 5.0;
				TARGETED_DEVICE_FAMILY = "1,2";
			};
			name = Release;
		};
/* End XCBuildConfiguration section */

/* Begin XCConfigurationList section */
		453139192832842C000704B5 /* Build configuration list for PBXProject "Friendface" */ = {
			isa = XCConfigurationList;
			buildConfigurations = (
				4531392A2832842C000704B5 /* Debug */,
				4531392B2832842C000704B5 /* Release */,
			);
			defaultConfigurationIsVisible = 0;
			defaultConfigurationName = Release;
		};
		4531392C2832842C000704B5 /* Build configuration list for PBXNativeTarget "Friendface" */ = {
			isa = XCConfigurationList;
			buildConfigurations = (
				4531392D2832842C000704B5 /* Debug */,
				4531392E2832842C000704B5 /* Release */,
			);
			defaultConfigurationIsVisible = 0;
			defaultConfigurationName = Release;
		};
/* End XCConfigurationList section */

/* Begin XCVersionGroup section */
		454D288E2833984C008C9C66 /* Friendface.xcdatamodeld */ = {
			isa = XCVersionGroup;
			children = (
				454D288F2833984C008C9C66 /* Friendface.xcdatamodel */,
			);
			currentVersion = 454D288F2833984C008C9C66 /* Friendface.xcdatamodel */;
			path = Friendface.xcdatamodeld;
			sourceTree = "<group>";
			versionGroupType = wrapper.xcdatamodel;
		};
/* End XCVersionGroup section */
	};
	rootObject = 453139162832842C000704B5 /* Project object */;
}
